
Microsoft Visual Studio Solution File, Format Version 12.00
# Visual Studio Version 17
VisualStudioVersion = 17.7.34221.43
MinimumVisualStudioVersion = 10.0.40219.1
Project("{FAE04EC0-301F-11D3-BF4B-00C04F79EFBC}") = "OpenAISTTConsole", "OpenAISTTConsole\OpenAISTTConsole.csproj", "{BE7C5683-DC80-42FA-A2B2-96BA9E5409EA}"
EndProject
Global
	GlobalSection(SolutionConfigurationPlatforms) = preSolution
		Debug|Any CPU = Debug|Any CPU
		Release|Any CPU = Release|Any CPU
	EndGlobalSection
	GlobalSection(ProjectConfigurationPlatforms) = postSolution
		{BE7C5683-DC80-42FA-A2B2-96BA9E5409EA}.Debug|Any CPU.ActiveCfg = Debug|Any CPU
		{BE7C5683-DC80-42FA-A2B2-96BA9E5409EA}.Debug|Any CPU.Build.0 = Debug|Any CPU
		{BE7C5683-DC80-42FA-A2B2-96BA9E5409EA}.Release|Any CPU.ActiveCfg = Release|Any CPU
		{BE7C5683-DC80-42FA-A2B2-96BA9E5409EA}.Release|Any CPU.Build.0 = Release|Any CPU
	EndGlobalSection
	GlobalSection(SolutionProperties) = preSolution
		HideSolutionNode = FALSE
	EndGlobalSection
	GlobalSection(ExtensibilityGlobals) = postSolution
		SolutionGuid = {44C99BED-2A5D-4462-B706-44EAAB65ADA0}
	EndGlobalSection
EndGlobal
